
Microsoft Visual Studio Solution File, Format Version 12.00
# Visual Studio Version 17
VisualStudioVersion = 17.0.32112.339
MinimumVisualStudioVersion = 10.0.40219.1
Project("{FAE04EC0-301F-11D3-BF4B-00C04F79EFBC}") = "WebApi", "WebApi\WebApi.csproj", "{1CDC092B-D6FE-4A65-9239-EAB6687F4C47}"
EndProject
Global
	GlobalSection(SolutionConfigurationPlatforms) = preSolution
		Debug|Any CPU = Debug|Any CPU
		Release|Any CPU = Release|Any CPU
	EndGlobalSection
	GlobalSection(ProjectConfigurationPlatforms) = postSolution
		{1CDC092B-D6FE-4A65-9239-EAB6687F4C47}.Debug|Any CPU.ActiveCfg = Debug|Any CPU
		{1CDC092B-D6FE-4A65-9239-EAB6687F4C47}.Debug|Any CPU.Build.0 = Debug|Any CPU
		{1CDC092B-D6FE-4A65-9239-EAB6687F4C47}.Release|Any CPU.ActiveCfg = Release|Any CPU
		{1CDC092B-D6FE-4A65-9239-EAB6687F4C47}.Release|Any CPU.Build.0 = Release|Any CPU
	EndGlobalSection
	GlobalSection(SolutionProperties) = preSolution
		HideSolutionNode = FALSE
	EndGlobalSection
	GlobalSection(ExtensibilityGlobals) = postSolution
		SolutionGuid = {6F828EB5-C5AB-41AB-8BC1-15EDCB57FD9C}
	EndGlobalSection
EndGlobal
